{
  "requires": true,
  "lockfileVersion": 1,
  "dependencies": {
    "jquery": {
      "version": "3.5.1",
      "resolved": "https://registry.npmjs.org/jquery/-/jquery-3.5.1.tgz",
      "integrity": "sha512-XwIBPqcMn57FxfT+Go5pzySnm4KWkT1Tv7gjrpT1srtf8Weynl6R273VJ5GjkRb51IzMp5nbaPjJXMWeju2MKg=="
    },
    "vue": {
      "version": "2.6.11",
      "resolved": "https://registry.npmjs.org/vue/-/vue-2.6.11.tgz",
      "integrity": "sha512-VfPwgcGABbGAue9+sfrD4PuwFar7gPb1yl1UK1MwXoQPAw0BKSqWfoYCT/ThFrdEVWoI51dBuyCoiNU9bZDZxQ=="
    },
    "vue-term": {
      "version": "0.1.2",
      "resolved": "https://registry.npmjs.org/vue-term/-/vue-term-0.1.2.tgz",
      "integrity": "sha1-At/plOhWRLsjRgf2wVV1e+qS2Os=",
      "requires": {
        "xterm": "^3.0.2"
      }
    },
    "vue-terminal-ui": {
      "version": "0.1.6",
      "resolved": "https://registry.npmjs.org/vue-terminal-ui/-/vue-terminal-ui-0.1.6.tgz",
      "integrity": "sha512-/kIANi7yCF5Ycj6Dwzp19vGuTRFc1PtjypBbD7jLs8o9198VvzwoCGWXTt9nywyHKhw54pnjT0vphss/hgAmJQ==",
      "requires": {
        "jquery": "^3.3.1",
        "vue": "^2.5.16"
      }
    },
    "xterm": {
      "version": "3.14.5",
      "resolved": "https://registry.npmjs.org/xterm/-/xterm-3.14.5.tgz",
      "integrity": "sha512-DVmQ8jlEtL+WbBKUZuMxHMBgK/yeIZwkXB81bH+MGaKKnJGYwA+770hzhXPfwEIokK9On9YIFPRleVp/5G7z9g=="
    }
  }
}
